
Microsoft Visual Studio Solution File, Format Version 12.00
# Visual Studio 15
VisualStudioVersion = 15.0.28010.2046
MinimumVisualStudioVersion = 10.0.40219.1
Project("{FAE04EC0-301F-11D3-BF4B-00C04F79EFBC}") = "TP_CA", "TP_CA\TP_CA.csproj", "{12790230-F531-43F0-8A3D-104E5E030DC7}"
EndProject
Global
	GlobalSection(SolutionConfigurationPlatforms) = preSolution
		Debug|Any CPU = Debug|Any CPU
		Release|Any CPU = Release|Any CPU
	EndGlobalSection
	GlobalSection(ProjectConfigurationPlatforms) = postSolution
		{12790230-F531-43F0-8A3D-104E5E030DC7}.Debug|Any CPU.ActiveCfg = Debug|Any CPU
		{12790230-F531-43F0-8A3D-104E5E030DC7}.Debug|Any CPU.Build.0 = Debug|Any CPU
		{12790230-F531-43F0-8A3D-104E5E030DC7}.Release|Any CPU.ActiveCfg = Release|Any CPU
		{12790230-F531-43F0-8A3D-104E5E030DC7}.Release|Any CPU.Build.0 = Release|Any CPU
	EndGlobalSection
	GlobalSection(SolutionProperties) = preSolution
		HideSolutionNode = FALSE
	EndGlobalSection
	GlobalSection(ExtensibilityGlobals) = postSolution
		SolutionGuid = {75921110-53D3-4328-B53B-87D5A50D1250}
	EndGlobalSection
EndGlobal
